
Microsoft Visual Studio Solution File, Format Version 12.00
# Visual Studio Version 17
VisualStudioVersion = 17.6.33815.320
MinimumVisualStudioVersion = 10.0.40219.1
Project("{FAE04EC0-301F-11D3-BF4B-00C04F79EFBC}") = "Pseudonahodna_Cisla", "Pseudonahodna_Cisla\Pseudonahodna_Cisla.csproj", "{77BA67F8-8A04-47EE-9F3A-71DBDC79009D}"
EndProject
Global
	GlobalSection(SolutionConfigurationPlatforms) = preSolution
		Debug|Any CPU = Debug|Any CPU
		Release|Any CPU = Release|Any CPU
	EndGlobalSection
	GlobalSection(ProjectConfigurationPlatforms) = postSolution
		{77BA67F8-8A04-47EE-9F3A-71DBDC79009D}.Debug|Any CPU.ActiveCfg = Debug|Any CPU
		{77BA67F8-8A04-47EE-9F3A-71DBDC79009D}.Debug|Any CPU.Build.0 = Debug|Any CPU
		{77BA67F8-8A04-47EE-9F3A-71DBDC79009D}.Release|Any CPU.ActiveCfg = Release|Any CPU
		{77BA67F8-8A04-47EE-9F3A-71DBDC79009D}.Release|Any CPU.Build.0 = Release|Any CPU
	EndGlobalSection
	GlobalSection(SolutionProperties) = preSolution
		HideSolutionNode = FALSE
	EndGlobalSection
	GlobalSection(ExtensibilityGlobals) = postSolution
		SolutionGuid = {C25B35C2-D3E5-4CB2-8D0F-867F851B6508}
	EndGlobalSection
EndGlobal
